{
  "name": "professionaliser",
  "version": "0.0.1",
  "lockfileVersion": 3,
  "requires": true,
  "packages": {
    "": {
      "name": "professionaliser",
      "version": "0.0.1",
      "license": "GPL-3.0-or-later",
      "dependencies": {
        "better-profane-words": "^1.0.7"
      }
    },
    "node_modules/better-profane-words": {
      "version": "1.0.7",
      "resolved": "https://registry.npmjs.org/better-profane-words/-/better-profane-words-1.0.7.tgz",
      "integrity": "sha512-l0oAIXUEXKIxxWMuSH2Pwsv6VQ/aou1FqSsT5GAjmGGpWZbVGJDWq5a5vW2PrHfLwJ/rBRwW0dKBWmn1ukJ4Ww==",
      "license": "GPL-3.0-only",
      "engines": {
        "node": ">=20.10.0"
      }
    }
  }
}
